
Microsoft Visual Studio Solution File, Format Version 12.00
# Visual Studio 15
VisualStudioVersion = 15.0.28307.960
MinimumVisualStudioVersion = 10.0.40219.1
Project("{2150E333-8FDC-42A3-9474-1A3956D46DE8}") = "Core", "Core", "{446A0F5F-2285-4837-A5D0-A301E98F800C}"
EndProject
Project("{2150E333-8FDC-42A3-9474-1A3956D46DE8}") = "Front", "Front", "{34CBFF40-9A7E-41ED-B979-658185622AA5}"
EndProject
Project("{9A19103F-16F7-4668-BE54-9A1E7A4F7556}") = "Contracts", "Core\Contracts\Contracts.csproj", "{6CBFCDF9-18D8-4007-BA1C-265E023D5410}"
EndProject
Project("{FAE04EC0-301F-11D3-BF4B-00C04F79EFBC}") = "ReactiveWarehouse", "Front\ReactiveWarehouse\ReactiveWarehouse.csproj", "{01A7F02F-6E3C-422F-A390-77CC4B4CDA80}"
EndProject
Project("{9A19103F-16F7-4668-BE54-9A1E7A4F7556}") = "Models", "Core\Models\Models.csproj", "{712854D3-AEEC-4739-918E-41B0A933F024}"
EndProject
Project("{FAE04EC0-301F-11D3-BF4B-00C04F79EFBC}") = "Repository", "Core\Repository\Repository.csproj", "{98D87E21-18F4-4E70-A082-F0B659DC7447}"
EndProject
Project("{FAE04EC0-301F-11D3-BF4B-00C04F79EFBC}") = "IoC", "Core\IoC\IoC.csproj", "{B8D60153-C864-493F-AAA0-84A2EA6C8556}"
EndProject
Project("{FAE04EC0-301F-11D3-BF4B-00C04F79EFBC}") = "JsonRepository", "Core\Repositories\JsonRepository\JsonRepository.csproj", "{B4919F28-69D0-454B-B45C-96D571D65D2E}"
EndProject
Global
	GlobalSection(SolutionConfigurationPlatforms) = preSolution
		Debug|Any CPU = Debug|Any CPU
		Release|Any CPU = Release|Any CPU
	EndGlobalSection
	GlobalSection(ProjectConfigurationPlatforms) = postSolution
		{6CBFCDF9-18D8-4007-BA1C-265E023D5410}.Debug|Any CPU.ActiveCfg = Debug|Any CPU
		{6CBFCDF9-18D8-4007-BA1C-265E023D5410}.Debug|Any CPU.Build.0 = Debug|Any CPU
		{6CBFCDF9-18D8-4007-BA1C-265E023D5410}.Release|Any CPU.ActiveCfg = Release|Any CPU
		{6CBFCDF9-18D8-4007-BA1C-265E023D5410}.Release|Any CPU.Build.0 = Release|Any CPU
		{01A7F02F-6E3C-422F-A390-77CC4B4CDA80}.Debug|Any CPU.ActiveCfg = Debug|Any CPU
		{01A7F02F-6E3C-422F-A390-77CC4B4CDA80}.Debug|Any CPU.Build.0 = Debug|Any CPU
		{01A7F02F-6E3C-422F-A390-77CC4B4CDA80}.Release|Any CPU.ActiveCfg = Release|Any CPU
		{01A7F02F-6E3C-422F-A390-77CC4B4CDA80}.Release|Any CPU.Build.0 = Release|Any CPU
		{712854D3-AEEC-4739-918E-41B0A933F024}.Debug|Any CPU.ActiveCfg = Debug|Any CPU
		{712854D3-AEEC-4739-918E-41B0A933F024}.Debug|Any CPU.Build.0 = Debug|Any CPU
		{712854D3-AEEC-4739-918E-41B0A933F024}.Release|Any CPU.ActiveCfg = Release|Any CPU
		{712854D3-AEEC-4739-918E-41B0A933F024}.Release|Any CPU.Build.0 = Release|Any CPU
		{98D87E21-18F4-4E70-A082-F0B659DC7447}.Debug|Any CPU.ActiveCfg = Debug|Any CPU
		{98D87E21-18F4-4E70-A082-F0B659DC7447}.Debug|Any CPU.Build.0 = Debug|Any CPU
		{98D87E21-18F4-4E70-A082-F0B659DC7447}.Release|Any CPU.ActiveCfg = Release|Any CPU
		{98D87E21-18F4-4E70-A082-F0B659DC7447}.Release|Any CPU.Build.0 = Release|Any CPU
		{B8D60153-C864-493F-AAA0-84A2EA6C8556}.Debug|Any CPU.ActiveCfg = Debug|Any CPU
		{B8D60153-C864-493F-AAA0-84A2EA6C8556}.Debug|Any CPU.Build.0 = Debug|Any CPU
		{B8D60153-C864-493F-AAA0-84A2EA6C8556}.Release|Any CPU.ActiveCfg = Release|Any CPU
		{B8D60153-C864-493F-AAA0-84A2EA6C8556}.Release|Any CPU.Build.0 = Release|Any CPU
		{B4919F28-69D0-454B-B45C-96D571D65D2E}.Debug|Any CPU.ActiveCfg = Debug|Any CPU
		{B4919F28-69D0-454B-B45C-96D571D65D2E}.Debug|Any CPU.Build.0 = Debug|Any CPU
		{B4919F28-69D0-454B-B45C-96D571D65D2E}.Release|Any CPU.ActiveCfg = Release|Any CPU
		{B4919F28-69D0-454B-B45C-96D571D65D2E}.Release|Any CPU.Build.0 = Release|Any CPU
	EndGlobalSection
	GlobalSection(SolutionProperties) = preSolution
		HideSolutionNode = FALSE
	EndGlobalSection
	GlobalSection(NestedProjects) = preSolution
		{6CBFCDF9-18D8-4007-BA1C-265E023D5410} = {446A0F5F-2285-4837-A5D0-A301E98F800C}
		{01A7F02F-6E3C-422F-A390-77CC4B4CDA80} = {34CBFF40-9A7E-41ED-B979-658185622AA5}
		{712854D3-AEEC-4739-918E-41B0A933F024} = {446A0F5F-2285-4837-A5D0-A301E98F800C}
		{98D87E21-18F4-4E70-A082-F0B659DC7447} = {446A0F5F-2285-4837-A5D0-A301E98F800C}
		{B8D60153-C864-493F-AAA0-84A2EA6C8556} = {446A0F5F-2285-4837-A5D0-A301E98F800C}
		{B4919F28-69D0-454B-B45C-96D571D65D2E} = {446A0F5F-2285-4837-A5D0-A301E98F800C}
	EndGlobalSection
	GlobalSection(ExtensibilityGlobals) = postSolution
		SolutionGuid = {B5D69CE5-9C23-412D-A89E-8C445B148D56}
	EndGlobalSection
EndGlobal
