
Microsoft Visual Studio Solution File, Format Version 12.00
# Visual Studio 15
VisualStudioVersion = 15.0.28307.960
MinimumVisualStudioVersion = 10.0.40219.1
Project("{2150E333-8FDC-42A3-9474-1A3956D46DE8}") = "Core", "Core", "{446A0F5F-2285-4837-A5D0-A301E98F800C}"
EndProject
Project("{2150E333-8FDC-42A3-9474-1A3956D46DE8}") = "Front", "Front", "{34CBFF40-9A7E-41ED-B979-658185622AA5}"
EndProject
Project("{FAE04EC0-301F-11D3-BF4B-00C04F79EFBC}") = "Contracts", "Core\Contracts\Contracts.csproj", "{6CBFCDF9-18D8-4007-BA1C-265E023D5410}"
EndProject
Global
	GlobalSection(SolutionConfigurationPlatforms) = preSolution
		Debug|Any CPU = Debug|Any CPU
		Release|Any CPU = Release|Any CPU
	EndGlobalSection
	GlobalSection(ProjectConfigurationPlatforms) = postSolution
		{6CBFCDF9-18D8-4007-BA1C-265E023D5410}.Debug|Any CPU.ActiveCfg = Debug|Any CPU
		{6CBFCDF9-18D8-4007-BA1C-265E023D5410}.Debug|Any CPU.Build.0 = Debug|Any CPU
		{6CBFCDF9-18D8-4007-BA1C-265E023D5410}.Release|Any CPU.ActiveCfg = Release|Any CPU
		{6CBFCDF9-18D8-4007-BA1C-265E023D5410}.Release|Any CPU.Build.0 = Release|Any CPU
	EndGlobalSection
	GlobalSection(SolutionProperties) = preSolution
		HideSolutionNode = FALSE
	EndGlobalSection
	GlobalSection(NestedProjects) = preSolution
		{6CBFCDF9-18D8-4007-BA1C-265E023D5410} = {446A0F5F-2285-4837-A5D0-A301E98F800C}
	EndGlobalSection
	GlobalSection(ExtensibilityGlobals) = postSolution
		SolutionGuid = {B5D69CE5-9C23-412D-A89E-8C445B148D56}
	EndGlobalSection
EndGlobal
